
Microsoft Visual Studio Solution File, Format Version 12.00
# Visual Studio 15
VisualStudioVersion = 15.0.28010.2016
MinimumVisualStudioVersion = 10.0.40219.1
Project("{FAE04EC0-301F-11D3-BF4B-00C04F79EFBC}") = "CodeFirstWithMoshExistingDb", "CodeFirstWithMoshExistingDb\CodeFirstWithMoshExistingDb.csproj", "{3EC31FD9-549E-4026-94BC-98DAF026FFD5}"
EndProject
Global
	GlobalSection(SolutionConfigurationPlatforms) = preSolution
		Debug|Any CPU = Debug|Any CPU
		Release|Any CPU = Release|Any CPU
	EndGlobalSection
	GlobalSection(ProjectConfigurationPlatforms) = postSolution
		{3EC31FD9-549E-4026-94BC-98DAF026FFD5}.Debug|Any CPU.ActiveCfg = Debug|Any CPU
		{3EC31FD9-549E-4026-94BC-98DAF026FFD5}.Debug|Any CPU.Build.0 = Debug|Any CPU
		{3EC31FD9-549E-4026-94BC-98DAF026FFD5}.Release|Any CPU.ActiveCfg = Release|Any CPU
		{3EC31FD9-549E-4026-94BC-98DAF026FFD5}.Release|Any CPU.Build.0 = Release|Any CPU
	EndGlobalSection
	GlobalSection(SolutionProperties) = preSolution
		HideSolutionNode = FALSE
	EndGlobalSection
	GlobalSection(ExtensibilityGlobals) = postSolution
		SolutionGuid = {795EE15A-9577-4035-AA7F-88427FA4D8D3}
	EndGlobalSection
EndGlobal
